// !$*UTF8*$!
{
	archiveVersion = 1;
	classes = {
	};
	objectVersion = 56;
	objects = {

/* Begin PBXBuildFile section */
		9FC03E922965019B00C4AFCA /* AppDelegate.swift in Sources */ = {isa = PBXBuildFile; fileRef = 9FC03E912965019B00C4AFCA /* AppDelegate.swift */; };
		9FC03E942965019B00C4AFCA /* SceneDelegate.swift in Sources */ = {isa = PBXBuildFile; fileRef = 9FC03E932965019B00C4AFCA /* SceneDelegate.swift */; };
		9FC03E962965019B00C4AFCA /* ViewController.swift in Sources */ = {isa = PBXBuildFile; fileRef = 9FC03E952965019B00C4AFCA /* ViewController.swift */; };
		9FC03E992965019B00C4AFCA /* Main.storyboard in Resources */ = {isa = PBXBuildFile; fileRef = 9FC03E972965019B00C4AFCA /* Main.storyboard */; };
		9FC03E9B2965019D00C4AFCA /* Assets.xcassets in Resources */ = {isa = PBXBuildFile; fileRef = 9FC03E9A2965019D00C4AFCA /* Assets.xcassets */; };
		9FC03E9E2965019D00C4AFCA /* LaunchScreen.storyboard in Resources */ = {isa = PBXBuildFile; fileRef = 9FC03E9C2965019D00C4AFCA /* LaunchScreen.storyboard */; };
		9FC03EA7296501AF00C4AFCA /* SnapKit in Frameworks */ = {isa = PBXBuildFile; productRef = 9FC03EA6296501AF00C4AFCA /* SnapKit */; };
		9FC03EA929650A9900C4AFCA /* test.mp4 in Resources */ = {isa = PBXBuildFile; fileRef = 9FC03EA829650A6400C4AFCA /* test.mp4 */; };
/* End PBXBuildFile section */

/* Begin PBXFileReference section */
		9FC03E8E2965019B00C4AFCA /* ShortsVideoDemo.app */ = {isa = PBXFileReference; explicitFileType = wrapper.application; includeInIndex = 0; path = ShortsVideoDemo.app; sourceTree = BUILT_PRODUCTS_DIR; };
		9FC03E912965019B00C4AFCA /* AppDelegate.swift */ = {isa = PBXFileReference; lastKnownFileType = sourcecode.swift; path = AppDelegate.swift; sourceTree = "<group>"; };
		9FC03E932965019B00C4AFCA /* SceneDelegate.swift */ = {isa = PBXFileReference; lastKnownFileType = sourcecode.swift; path = SceneDelegate.swift; sourceTree = "<group>"; };
		9FC03E952965019B00C4AFCA /* ViewController.swift */ = {isa = PBXFileReference; lastKnownFileType = sourcecode.swift; path = ViewController.swift; sourceTree = "<group>"; };
		9FC03E982965019B00C4AFCA /* Base */ = {isa = PBXFileReference; lastKnownFileType = file.storyboard; name = Base; path = Base.lproj/Main.storyboard; sourceTree = "<group>"; };
		9FC03E9A2965019D00C4AFCA /* Assets.xcassets */ = {isa = PBXFileReference; lastKnownFileType = folder.assetcatalog; path = Assets.xcassets; sourceTree = "<group>"; };
		9FC03E9D2965019D00C4AFCA /* Base */ = {isa = PBXFileReference; lastKnownFileType = file.storyboard; name = Base; path = Base.lproj/LaunchScreen.storyboard; sourceTree = "<group>"; };
		9FC03E9F2965019D00C4AFCA /* Info.plist */ = {isa = PBXFileReference; lastKnownFileType = text.plist.xml; path = Info.plist; sourceTree = "<group>"; };
		9FC03EA829650A6400C4AFCA /* test.mp4 */ = {isa = PBXFileReference; lastKnownFileType = file; path = test.mp4; sourceTree = "<group>"; };
/* End PBXFileReference section */

/* Begin PBXFrameworksBuildPhase section */
		9FC03E8B2965019B00C4AFCA /* Frameworks */ = {
			isa = PBXFrameworksBuildPhase;
			buildActionMask = 2147483647;
			files = (
				9FC03EA7296501AF00C4AFCA /* SnapKit in Frameworks */,
			);
			runOnlyForDeploymentPostprocessing = 0;
		};
/* End PBXFrameworksBuildPhase section */

/* Begin PBXGroup section */
		9FC03E852965019B00C4AFCA = {
			isa = PBXGroup;
			children = (
				9FC03E902965019B00C4AFCA /* ShortsVideoDemo */,
				9FC03E8F2965019B00C4AFCA /* Products */,
			);
			sourceTree = "<group>";
		};
		9FC03E8F2965019B00C4AFCA /* Products */ = {
			isa = PBXGroup;
			children = (
				9FC03E8E2965019B00C4AFCA /* ShortsVideoDemo.app */,
			);
			name = Products;
			sourceTree = "<group>";
		};
		9FC03E902965019B00C4AFCA /* ShortsVideoDemo */ = {
			isa = PBXGroup;
			children = (
				9FC03E912965019B00C4AFCA /* AppDelegate.swift */,
				9FC03E932965019B00C4AFCA /* SceneDelegate.swift */,
				9FC03E952965019B00C4AFCA /* ViewController.swift */,
				9FC03E972965019B00C4AFCA /* Main.storyboard */,
				9FC03E9A2965019D00C4AFCA /* Assets.xcassets */,
				9FC03E9C2965019D00C4AFCA /* LaunchScreen.storyboard */,
				9FC03E9F2965019D00C4AFCA /* Info.plist */,
				9FC03EA829650A6400C4AFCA /* test.mp4 */,
			);
			path = ShortsVideoDemo;
			sourceTree = "<group>";
		};
/* End PBXGroup section */

/* Begin PBXNativeTarget section */
		9FC03E8D2965019B00C4AFCA /* ShortsVideoDemo */ = {
			isa = PBXNativeTarget;
			buildConfigurationList = 9FC03EA22965019D00C4AFCA /* Build configuration list for PBXNativeTarget "ShortsVideoDemo" */;
			buildPhases = (
				9FC03E8A2965019B00C4AFCA /* Sources */,
				9FC03E8B2965019B00C4AFCA /* Frameworks */,
				9FC03E8C2965019B00C4AFCA /* Resources */,
			);
			buildRules = (
			);
			dependencies = (
			);
			name = ShortsVideoDemo;
			packageProductDependencies = (
				9FC03EA6296501AF00C4AFCA /* SnapKit */,
			);
			productName = ShortsVideoDemo;
			productReference = 9FC03E8E2965019B00C4AFCA /* ShortsVideoDemo.app */;
			productType = "com.apple.product-type.application";
		};
/* End PBXNativeTarget section */

/* Begin PBXProject section */
		9FC03E862965019B00C4AFCA /* Project object */ = {
			isa = PBXProject;
			attributes = {
				BuildIndependentTargetsInParallel = 1;
				LastSwiftUpdateCheck = 1420;
				LastUpgradeCheck = 1420;
				TargetAttributes = {
					9FC03E8D2965019B00C4AFCA = {
						CreatedOnToolsVersion = 14.2;
					};
				};
			};
			buildConfigurationList = 9FC03E892965019B00C4AFCA /* Build configuration list for PBXProject "ShortsVideoDemo" */;
			compatibilityVersion = "Xcode 14.0";
			developmentRegion = en;
			hasScannedForEncodings = 0;
			knownRegions = (
				en,
				Base,
			);
			mainGroup = 9FC03E852965019B00C4AFCA;
			packageReferences = (
				9FC03EA5296501AF00C4AFCA /* XCRemoteSwiftPackageReference "SnapKit" */,
			);
			productRefGroup = 9FC03E8F2965019B00C4AFCA /* Products */;
			projectDirPath = "";
			projectRoot = "";
			targets = (
				9FC03E8D2965019B00C4AFCA /* ShortsVideoDemo */,
			);
		};
/* End PBXProject section */

/* Begin PBXResourcesBuildPhase section */
		9FC03E8C2965019B00C4AFCA /* Resources */ = {
			isa = PBXResourcesBuildPhase;
			buildActionMask = 2147483647;
			files = (
				9FC03E9E2965019D00C4AFCA /* LaunchScreen.storyboard in Resources */,
				9FC03E9B2965019D00C4AFCA /* Assets.xcassets in Resources */,
				9FC03E992965019B00C4AFCA /* Main.storyboard in Resources */,
				9FC03EA929650A9900C4AFCA /* test.mp4 in Resources */,
			);
			runOnlyForDeploymentPostprocessing = 0;
		};
/* End PBXResourcesBuildPhase section */

/* Begin PBXSourcesBuildPhase section */
		9FC03E8A2965019B00C4AFCA /* Sources */ = {
			isa = PBXSourcesBuildPhase;
			buildActionMask = 2147483647;
			files = (
				9FC03E962965019B00C4AFCA /* ViewController.swift in Sources */,
				9FC03E922965019B00C4AFCA /* AppDelegate.swift in Sources */,
				9FC03E942965019B00C4AFCA /* SceneDelegate.swift in Sources */,
			);
			runOnlyForDeploymentPostprocessing = 0;
		};
/* End PBXSourcesBuildPhase section */

/* Begin PBXVariantGroup section */
		9FC03E972965019B00C4AFCA /* Main.storyboard */ = {
			isa = PBXVariantGroup;
			children = (
				9FC03E982965019B00C4AFCA /* Base */,
			);
			name = Main.storyboard;
			sourceTree = "<group>";
		};
		9FC03E9C2965019D00C4AFCA /* LaunchScreen.storyboard */ = {
			isa = PBXVariantGroup;
			children = (
				9FC03E9D2965019D00C4AFCA /* Base */,
			);
			name = LaunchScreen.storyboard;
			sourceTree = "<group>";
		};
/* End PBXVariantGroup section */

/* Begin XCBuildConfiguration section */
		9FC03EA02965019D00C4AFCA /* Debug */ = {
			isa = XCBuildConfiguration;
			buildSettings = {
				ALWAYS_SEARCH_USER_PATHS = NO;
				CLANG_ANALYZER_NONNULL = YES;
				CLANG_ANALYZER_NUMBER_OBJECT_CONVERSION = YES_AGGRESSIVE;
				CLANG_CXX_LANGUAGE_STANDARD = "gnu++20";
				CLANG_ENABLE_MODULES = YES;
				CLANG_ENABLE_OBJC_ARC = YES;
				CLANG_ENABLE_OBJC_WEAK = YES;
				CLANG_WARN_BLOCK_CAPTURE_AUTORELEASING = YES;
				CLANG_WARN_BOOL_CONVERSION = YES;
				CLANG_WARN_COMMA = YES;
				CLANG_WARN_CONSTANT_CONVERSION = YES;
				CLANG_WARN_DEPRECATED_OBJC_IMPLEMENTATIONS = YES;
				CLANG_WARN_DIRECT_OBJC_ISA_USAGE = YES_ERROR;
				CLANG_WARN_DOCUMENTATION_COMMENTS = YES;
				CLANG_WARN_EMPTY_BODY = YES;
				CLANG_WARN_ENUM_CONVERSION = YES;
				CLANG_WARN_INFINITE_RECURSION = YES;
				CLANG_WARN_INT_CONVERSION = YES;
				CLANG_WARN_NON_LITERAL_NULL_CONVERSION = YES;
				CLANG_WARN_OBJC_IMPLICIT_RETAIN_SELF = YES;
				CLANG_WARN_OBJC_LITERAL_CONVERSION = YES;
				CLANG_WARN_OBJC_ROOT_CLASS = YES_ERROR;
				CLANG_WARN_QUOTED_INCLUDE_IN_FRAMEWORK_HEADER = YES;
				CLANG_WARN_RANGE_LOOP_ANALYSIS = YES;
				CLANG_WARN_STRICT_PROTOTYPES = YES;
				CLANG_WARN_SUSPICIOUS_MOVE = YES;
				CLANG_WARN_UNGUARDED_AVAILABILITY = YES_AGGRESSIVE;
				CLANG_WARN_UNREACHABLE_CODE = YES;
				CLANG_WARN__DUPLICATE_METHOD_MATCH = YES;
				COPY_PHASE_STRIP = NO;
				DEBUG_INFORMATION_FORMAT = dwarf;
				ENABLE_STRICT_OBJC_MSGSEND = YES;
				ENABLE_TESTABILITY = YES;
				GCC_C_LANGUAGE_STANDARD = gnu11;
				GCC_DYNAMIC_NO_PIC = NO;
				GCC_NO_COMMON_BLOCKS = YES;
				GCC_OPTIMIZATION_LEVEL = 0;
				GCC_PREPROCESSOR_DEFINITIONS = (
					"DEBUG=1",
					"$(inherited)",
				);
				GCC_WARN_64_TO_32_BIT_CONVERSION = YES;
				GCC_WARN_ABOUT_RETURN_TYPE = YES_ERROR;
				GCC_WARN_UNDECLARED_SELECTOR = YES;
				GCC_WARN_UNINITIALIZED_AUTOS = YES_AGGRESSIVE;
				GCC_WARN_UNUSED_FUNCTION = YES;
				GCC_WARN_UNUSED_VARIABLE = YES;
				IPHONEOS_DEPLOYMENT_TARGET = 16.2;
				MTL_ENABLE_DEBUG_INFO = INCLUDE_SOURCE;
				MTL_FAST_MATH = YES;
				ONLY_ACTIVE_ARCH = YES;
				SDKROOT = iphoneos;
				SWIFT_ACTIVE_COMPILATION_CONDITIONS = DEBUG;
				SWIFT_OPTIMIZATION_LEVEL = "-Onone";
			};
			name = Debug;
		};
		9FC03EA12965019D00C4AFCA /* Release */ = {
			isa = XCBuildConfiguration;
			buildSettings = {
				ALWAYS_SEARCH_USER_PATHS = NO;
				CLANG_ANALYZER_NONNULL = YES;
				CLANG_ANALYZER_NUMBER_OBJECT_CONVERSION = YES_AGGRESSIVE;
				CLANG_CXX_LANGUAGE_STANDARD = "gnu++20";
				CLANG_ENABLE_MODULES = YES;
				CLANG_ENABLE_OBJC_ARC = YES;
				CLANG_ENABLE_OBJC_WEAK = YES;
				CLANG_WARN_BLOCK_CAPTURE_AUTORELEASING = YES;
				CLANG_WARN_BOOL_CONVERSION = YES;
				CLANG_WARN_COMMA = YES;
				CLANG_WARN_CONSTANT_CONVERSION = YES;
				CLANG_WARN_DEPRECATED_OBJC_IMPLEMENTATIONS = YES;
				CLANG_WARN_DIRECT_OBJC_ISA_USAGE = YES_ERROR;
				CLANG_WARN_DOCUMENTATION_COMMENTS = YES;
				CLANG_WARN_EMPTY_BODY = YES;
				CLANG_WARN_ENUM_CONVERSION = YES;
				CLANG_WARN_INFINITE_RECURSION = YES;
				CLANG_WARN_INT_CONVERSION = YES;
				CLANG_WARN_NON_LITERAL_NULL_CONVERSION = YES;
				CLANG_WARN_OBJC_IMPLICIT_RETAIN_SELF = YES;
				CLANG_WARN_OBJC_LITERAL_CONVERSION = YES;
				CLANG_WARN_OBJC_ROOT_CLASS = YES_ERROR;
				CLANG_WARN_QUOTED_INCLUDE_IN_FRAMEWORK_HEADER = YES;
				CLANG_WARN_RANGE_LOOP_ANALYSIS = YES;
				CLANG_WARN_STRICT_PROTOTYPES = YES;
				CLANG_WARN_SUSPICIOUS_MOVE = YES;
				CLANG_WARN_UNGUARDED_AVAILABILITY = YES_AGGRESSIVE;
				CLANG_WARN_UNREACHABLE_CODE = YES;
				CLANG_WARN__DUPLICATE_METHOD_MATCH = YES;
				COPY_PHASE_STRIP = NO;
				DEBUG_INFORMATION_FORMAT = "dwarf-with-dsym";
				ENABLE_NS_ASSERTIONS = NO;
				ENABLE_STRICT_OBJC_MSGSEND = YES;
				GCC_C_LANGUAGE_STANDARD = gnu11;
				GCC_NO_COMMON_BLOCKS = YES;
				GCC_WARN_64_TO_32_BIT_CONVERSION = YES;
				GCC_WARN_ABOUT_RETURN_TYPE = YES_ERROR;
				GCC_WARN_UNDECLARED_SELECTOR = YES;
				GCC_WARN_UNINITIALIZED_AUTOS = YES_AGGRESSIVE;
				GCC_WARN_UNUSED_FUNCTION = YES;
				GCC_WARN_UNUSED_VARIABLE = YES;
				IPHONEOS_DEPLOYMENT_TARGET = 16.2;
				MTL_ENABLE_DEBUG_INFO = NO;
				MTL_FAST_MATH = YES;
				SDKROOT = iphoneos;
				SWIFT_COMPILATION_MODE = wholemodule;
				SWIFT_OPTIMIZATION_LEVEL = "-O";
				VALIDATE_PRODUCT = YES;
			};
			name = Release;
		};
		9FC03EA32965019D00C4AFCA /* Debug */ = {
			isa = XCBuildConfiguration;
			buildSettings = {
				ASSETCATALOG_COMPILER_APPICON_NAME = AppIcon;
				ASSETCATALOG_COMPILER_GLOBAL_ACCENT_COLOR_NAME = AccentColor;
				CODE_SIGN_STYLE = Automatic;
				CURRENT_PROJECT_VERSION = 1;
				DEVELOPMENT_TEAM = CUT53EQ8B5;
				GENERATE_INFOPLIST_FILE = YES;
				INFOPLIST_FILE = ShortsVideoDemo/Info.plist;
				INFOPLIST_KEY_UIApplicationSupportsIndirectInputEvents = YES;
				INFOPLIST_KEY_UILaunchStoryboardName = LaunchScreen;
				INFOPLIST_KEY_UIMainStoryboardFile = Main;
				INFOPLIST_KEY_UISupportedInterfaceOrientations_iPad = "UIInterfaceOrientationPortrait UIInterfaceOrientationPortraitUpsideDown UIInterfaceOrientationLandscapeLeft UIInterfaceOrientationLandscapeRight";
				INFOPLIST_KEY_UISupportedInterfaceOrientations_iPhone = "UIInterfaceOrientationPortrait UIInterfaceOrientationLandscapeLeft UIInterfaceOrientationLandscapeRight";
				LD_RUNPATH_SEARCH_PATHS = (
					"$(inherited)",
					"@executable_path/Frameworks",
				);
				MARKETING_VERSION = 1.0;
				PRODUCT_BUNDLE_IDENTIFIER = allen870619.ShortsVideoDemo;
				PRODUCT_NAME = "$(TARGET_NAME)";
				SWIFT_EMIT_LOC_STRINGS = YES;
				SWIFT_VERSION = 5.0;
				TARGETED_DEVICE_FAMILY = "1,2";
			};
			name = Debug;
		};
		9FC03EA42965019D00C4AFCA /* Release */ = {
			isa = XCBuildConfiguration;
			buildSettings = {
				ASSETCATALOG_COMPILER_APPICON_NAME = AppIcon;
				ASSETCATALOG_COMPILER_GLOBAL_ACCENT_COLOR_NAME = AccentColor;
				CODE_SIGN_STYLE = Automatic;
				CURRENT_PROJECT_VERSION = 1;
				DEVELOPMENT_TEAM = CUT53EQ8B5;
				GENERATE_INFOPLIST_FILE = YES;
				INFOPLIST_FILE = ShortsVideoDemo/Info.plist;
				INFOPLIST_KEY_UIApplicationSupportsIndirectInputEvents = YES;
				INFOPLIST_KEY_UILaunchStoryboardName = LaunchScreen;
				INFOPLIST_KEY_UIMainStoryboardFile = Main;
				INFOPLIST_KEY_UISupportedInterfaceOrientations_iPad = "UIInterfaceOrientationPortrait UIInterfaceOrientationPortraitUpsideDown UIInterfaceOrientationLandscapeLeft UIInterfaceOrientationLandscapeRight";
				INFOPLIST_KEY_UISupportedInterfaceOrientations_iPhone = "UIInterfaceOrientationPortrait UIInterfaceOrientationLandscapeLeft UIInterfaceOrientationLandscapeRight";
				LD_RUNPATH_SEARCH_PATHS = (
					"$(inherited)",
					"@executable_path/Frameworks",
				);
				MARKETING_VERSION = 1.0;
				PRODUCT_BUNDLE_IDENTIFIER = allen870619.ShortsVideoDemo;
				PRODUCT_NAME = "$(TARGET_NAME)";
				SWIFT_EMIT_LOC_STRINGS = YES;
				SWIFT_VERSION = 5.0;
				TARGETED_DEVICE_FAMILY = "1,2";
			};
			name = Release;
		};
/* End XCBuildConfiguration section */

/* Begin XCConfigurationList section */
		9FC03E892965019B00C4AFCA /* Build configuration list for PBXProject "ShortsVideoDemo" */ = {
			isa = XCConfigurationList;
			buildConfigurations = (
				9FC03EA02965019D00C4AFCA /* Debug */,
				9FC03EA12965019D00C4AFCA /* Release */,
			);
			defaultConfigurationIsVisible = 0;
			defaultConfigurationName = Release;
		};
		9FC03EA22965019D00C4AFCA /* Build configuration list for PBXNativeTarget "ShortsVideoDemo" */ = {
			isa = XCConfigurationList;
			buildConfigurations = (
				9FC03EA32965019D00C4AFCA /* Debug */,
				9FC03EA42965019D00C4AFCA /* Release */,
			);
			defaultConfigurationIsVisible = 0;
			defaultConfigurationName = Release;
		};
/* End XCConfigurationList section */

/* Begin XCRemoteSwiftPackageReference section */
		9FC03EA5296501AF00C4AFCA /* XCRemoteSwiftPackageReference "SnapKit" */ = {
			isa = XCRemoteSwiftPackageReference;
			repositoryURL = "https://github.com/SnapKit/SnapKit.git";
			requirement = {
				branch = develop;
				kind = branch;
			};
		};
/* End XCRemoteSwiftPackageReference section */

/* Begin XCSwiftPackageProductDependency section */
		9FC03EA6296501AF00C4AFCA /* SnapKit */ = {
			isa = XCSwiftPackageProductDependency;
			package = 9FC03EA5296501AF00C4AFCA /* XCRemoteSwiftPackageReference "SnapKit" */;
			productName = SnapKit;
		};
/* End XCSwiftPackageProductDependency section */
	};
	rootObject = 9FC03E862965019B00C4AFCA /* Project object */;
}
